// !$*UTF8*$!
{
	archiveVersion = 1;
	classes = {
	};
	objectVersion = 46;
	objects = {

/* Begin PBXBuildFile section */
		653F244B1B72FDE200AB3A44 /* DribbbleKit.h in Headers */ = {isa = PBXBuildFile; fileRef = 653F244A1B72FDE200AB3A44 /* DribbbleKit.h */; settings = {ATTRIBUTES = (Public, ); }; };
		653F24511B72FDE200AB3A44 /* DribbbleKit.framework in Frameworks */ = {isa = PBXBuildFile; fileRef = 653F24451B72FDE200AB3A44 /* DribbbleKit.framework */; };
		653F24581B72FDE200AB3A44 /* DribbbleKitTests.swift in Sources */ = {isa = PBXBuildFile; fileRef = 653F24571B72FDE200AB3A44 /* DribbbleKitTests.swift */; };
		653F24651B72FE1A00AB3A44 /* AuthWebViewController.swift in Sources */ = {isa = PBXBuildFile; fileRef = 653F24611B72FE1A00AB3A44 /* AuthWebViewController.swift */; };
		653F24661B72FE1A00AB3A44 /* SwiftyJSON.swift in Sources */ = {isa = PBXBuildFile; fileRef = 653F24621B72FE1A00AB3A44 /* SwiftyJSON.swift */; };
		653F24671B72FE1A00AB3A44 /* AuthWebViewController.xib in Resources */ = {isa = PBXBuildFile; fileRef = 653F24631B72FE1A00AB3A44 /* AuthWebViewController.xib */; };
		653F24681B72FE1A00AB3A44 /* DribbbleKit.swift in Sources */ = {isa = PBXBuildFile; fileRef = 653F24641B72FE1A00AB3A44 /* DribbbleKit.swift */; };
/* End PBXBuildFile section */

/* Begin PBXContainerItemProxy section */
		653F24521B72FDE200AB3A44 /* PBXContainerItemProxy */ = {
			isa = PBXContainerItemProxy;
			containerPortal = 653F243C1B72FDE200AB3A44 /* Project object */;
			proxyType = 1;
			remoteGlobalIDString = 653F24441B72FDE200AB3A44;
			remoteInfo = DribbbleKit;
		};
/* End PBXContainerItemProxy section */

/* Begin PBXFileReference section */
		653F24451B72FDE200AB3A44 /* DribbbleKit.framework */ = {isa = PBXFileReference; explicitFileType = wrapper.framework; includeInIndex = 0; path = DribbbleKit.framework; sourceTree = BUILT_PRODUCTS_DIR; };
		653F24491B72FDE200AB3A44 /* Info.plist */ = {isa = PBXFileReference; lastKnownFileType = text.plist.xml; path = Info.plist; sourceTree = "<group>"; };
		653F244A1B72FDE200AB3A44 /* DribbbleKit.h */ = {isa = PBXFileReference; lastKnownFileType = sourcecode.c.h; path = DribbbleKit.h; sourceTree = "<group>"; };
		653F24501B72FDE200AB3A44 /* DribbbleKitTests.xctest */ = {isa = PBXFileReference; explicitFileType = wrapper.cfbundle; includeInIndex = 0; path = DribbbleKitTests.xctest; sourceTree = BUILT_PRODUCTS_DIR; };
		653F24561B72FDE200AB3A44 /* Info.plist */ = {isa = PBXFileReference; lastKnownFileType = text.plist.xml; path = Info.plist; sourceTree = "<group>"; };
		653F24571B72FDE200AB3A44 /* DribbbleKitTests.swift */ = {isa = PBXFileReference; lastKnownFileType = sourcecode.swift; path = DribbbleKitTests.swift; sourceTree = "<group>"; };
		653F24611B72FE1A00AB3A44 /* AuthWebViewController.swift */ = {isa = PBXFileReference; fileEncoding = 4; lastKnownFileType = sourcecode.swift; path = AuthWebViewController.swift; sourceTree = "<group>"; };
		653F24621B72FE1A00AB3A44 /* SwiftyJSON.swift */ = {isa = PBXFileReference; fileEncoding = 4; lastKnownFileType = sourcecode.swift; path = SwiftyJSON.swift; sourceTree = "<group>"; };
		653F24631B72FE1A00AB3A44 /* AuthWebViewController.xib */ = {isa = PBXFileReference; fileEncoding = 4; lastKnownFileType = file.xib; path = AuthWebViewController.xib; sourceTree = "<group>"; };
		653F24641B72FE1A00AB3A44 /* DribbbleKit.swift */ = {isa = PBXFileReference; fileEncoding = 4; lastKnownFileType = sourcecode.swift; path = DribbbleKit.swift; sourceTree = "<group>"; };
/* End PBXFileReference section */

/* Begin PBXFrameworksBuildPhase section */
		653F24411B72FDE200AB3A44 /* Frameworks */ = {
			isa = PBXFrameworksBuildPhase;
			buildActionMask = 2147483647;
			files = (
			);
			runOnlyForDeploymentPostprocessing = 0;
		};
		653F244D1B72FDE200AB3A44 /* Frameworks */ = {
			isa = PBXFrameworksBuildPhase;
			buildActionMask = 2147483647;
			files = (
				653F24511B72FDE200AB3A44 /* DribbbleKit.framework in Frameworks */,
			);
			runOnlyForDeploymentPostprocessing = 0;
		};
/* End PBXFrameworksBuildPhase section */

/* Begin PBXGroup section */
		653F243B1B72FDE200AB3A44 = {
			isa = PBXGroup;
			children = (
				653F24471B72FDE200AB3A44 /* DribbbleKit */,
				653F24541B72FDE200AB3A44 /* DribbbleKitTests */,
				653F24461B72FDE200AB3A44 /* Products */,
			);
			sourceTree = "<group>";
		};
		653F24461B72FDE200AB3A44 /* Products */ = {
			isa = PBXGroup;
			children = (
				653F24451B72FDE200AB3A44 /* DribbbleKit.framework */,
				653F24501B72FDE200AB3A44 /* DribbbleKitTests.xctest */,
			);
			name = Products;
			sourceTree = "<group>";
		};
		653F24471B72FDE200AB3A44 /* DribbbleKit */ = {
			isa = PBXGroup;
			children = (
				653F24611B72FE1A00AB3A44 /* AuthWebViewController.swift */,
				653F24621B72FE1A00AB3A44 /* SwiftyJSON.swift */,
				653F24631B72FE1A00AB3A44 /* AuthWebViewController.xib */,
				653F24641B72FE1A00AB3A44 /* DribbbleKit.swift */,
				653F244A1B72FDE200AB3A44 /* DribbbleKit.h */,
				653F24481B72FDE200AB3A44 /* Supporting Files */,
			);
			path = DribbbleKit;
			sourceTree = "<group>";
		};
		653F24481B72FDE200AB3A44 /* Supporting Files */ = {
			isa = PBXGroup;
			children = (
				653F24491B72FDE200AB3A44 /* Info.plist */,
			);
			name = "Supporting Files";
			sourceTree = "<group>";
		};
		653F24541B72FDE200AB3A44 /* DribbbleKitTests */ = {
			isa = PBXGroup;
			children = (
				653F24571B72FDE200AB3A44 /* DribbbleKitTests.swift */,
				653F24551B72FDE200AB3A44 /* Supporting Files */,
			);
			path = DribbbleKitTests;
			sourceTree = "<group>";
		};
		653F24551B72FDE200AB3A44 /* Supporting Files */ = {
			isa = PBXGroup;
			children = (
				653F24561B72FDE200AB3A44 /* Info.plist */,
			);
			name = "Supporting Files";
			sourceTree = "<group>";
		};
/* End PBXGroup section */

/* Begin PBXHeadersBuildPhase section */
		653F24421B72FDE200AB3A44 /* Headers */ = {
			isa = PBXHeadersBuildPhase;
			buildActionMask = 2147483647;
			files = (
				653F244B1B72FDE200AB3A44 /* DribbbleKit.h in Headers */,
			);
			runOnlyForDeploymentPostprocessing = 0;
		};
/* End PBXHeadersBuildPhase section */

/* Begin PBXNativeTarget section */
		653F24441B72FDE200AB3A44 /* DribbbleKit */ = {
			isa = PBXNativeTarget;
			buildConfigurationList = 653F245B1B72FDE200AB3A44 /* Build configuration list for PBXNativeTarget "DribbbleKit" */;
			buildPhases = (
				653F24401B72FDE200AB3A44 /* Sources */,
				653F24411B72FDE200AB3A44 /* Frameworks */,
				653F24421B72FDE200AB3A44 /* Headers */,
				653F24431B72FDE200AB3A44 /* Resources */,
			);
			buildRules = (
			);
			dependencies = (
			);
			name = DribbbleKit;
			productName = DribbbleKit;
			productReference = 653F24451B72FDE200AB3A44 /* DribbbleKit.framework */;
			productType = "com.apple.product-type.framework";
		};
		653F244F1B72FDE200AB3A44 /* DribbbleKitTests */ = {
			isa = PBXNativeTarget;
			buildConfigurationList = 653F245E1B72FDE200AB3A44 /* Build configuration list for PBXNativeTarget "DribbbleKitTests" */;
			buildPhases = (
				653F244C1B72FDE200AB3A44 /* Sources */,
				653F244D1B72FDE200AB3A44 /* Frameworks */,
				653F244E1B72FDE200AB3A44 /* Resources */,
			);
			buildRules = (
			);
			dependencies = (
				653F24531B72FDE200AB3A44 /* PBXTargetDependency */,
			);
			name = DribbbleKitTests;
			productName = DribbbleKitTests;
			productReference = 653F24501B72FDE200AB3A44 /* DribbbleKitTests.xctest */;
			productType = "com.apple.product-type.bundle.unit-test";
		};
/* End PBXNativeTarget section */

/* Begin PBXProject section */
		653F243C1B72FDE200AB3A44 /* Project object */ = {
			isa = PBXProject;
			attributes = {
				LastUpgradeCheck = 0640;
				ORGANIZATIONNAME = teemo;
				TargetAttributes = {
					653F24441B72FDE200AB3A44 = {
						CreatedOnToolsVersion = 6.4;
					};
					653F244F1B72FDE200AB3A44 = {
						CreatedOnToolsVersion = 6.4;
					};
				};
			};
			buildConfigurationList = 653F243F1B72FDE200AB3A44 /* Build configuration list for PBXProject "DribbbleKit" */;
			compatibilityVersion = "Xcode 3.2";
			developmentRegion = English;
			hasScannedForEncodings = 0;
			knownRegions = (
				en,
			);
			mainGroup = 653F243B1B72FDE200AB3A44;
			productRefGroup = 653F24461B72FDE200AB3A44 /* Products */;
			projectDirPath = "";
			projectRoot = "";
			targets = (
				653F24441B72FDE200AB3A44 /* DribbbleKit */,
				653F244F1B72FDE200AB3A44 /* DribbbleKitTests */,
			);
		};
/* End PBXProject section */

/* Begin PBXResourcesBuildPhase section */
		653F24431B72FDE200AB3A44 /* Resources */ = {
			isa = PBXResourcesBuildPhase;
			buildActionMask = 2147483647;
			files = (
				653F24671B72FE1A00AB3A44 /* AuthWebViewController.xib in Resources */,
			);
			runOnlyForDeploymentPostprocessing = 0;
		};
		653F244E1B72FDE200AB3A44 /* Resources */ = {
			isa = PBXResourcesBuildPhase;
			buildActionMask = 2147483647;
			files = (
			);
			runOnlyForDeploymentPostprocessing = 0;
		};
/* End PBXResourcesBuildPhase section */

/* Begin PBXSourcesBuildPhase section */
		653F24401B72FDE200AB3A44 /* Sources */ = {
			isa = PBXSourcesBuildPhase;
			buildActionMask = 2147483647;
			files = (
				653F24651B72FE1A00AB3A44 /* AuthWebViewController.swift in Sources */,
				653F24661B72FE1A00AB3A44 /* SwiftyJSON.swift in Sources */,
				653F24681B72FE1A00AB3A44 /* DribbbleKit.swift in Sources */,
			);
			runOnlyForDeploymentPostprocessing = 0;
		};
		653F244C1B72FDE200AB3A44 /* Sources */ = {
			isa = PBXSourcesBuildPhase;
			buildActionMask = 2147483647;
			files = (
				653F24581B72FDE200AB3A44 /* DribbbleKitTests.swift in Sources */,
			);
			runOnlyForDeploymentPostprocessing = 0;
		};
/* End PBXSourcesBuildPhase section */

/* Begin PBXTargetDependency section */
		653F24531B72FDE200AB3A44 /* PBXTargetDependency */ = {
			isa = PBXTargetDependency;
			target = 653F24441B72FDE200AB3A44 /* DribbbleKit */;
			targetProxy = 653F24521B72FDE200AB3A44 /* PBXContainerItemProxy */;
		};
/* End PBXTargetDependency section */

/* Begin XCBuildConfiguration section */
		653F24591B72FDE200AB3A44 /* Debug */ = {
			isa = XCBuildConfiguration;
			buildSettings = {
				ALWAYS_SEARCH_USER_PATHS = NO;
				CLANG_CXX_LANGUAGE_STANDARD = "gnu++0x";
				CLANG_CXX_LIBRARY = "libc++";
				CLANG_ENABLE_MODULES = YES;
				CLANG_ENABLE_OBJC_ARC = YES;
				CLANG_WARN_BOOL_CONVERSION = YES;
				CLANG_WARN_CONSTANT_CONVERSION = YES;
				CLANG_WARN_DIRECT_OBJC_ISA_USAGE = YES_ERROR;
				CLANG_WARN_EMPTY_BODY = YES;
				CLANG_WARN_ENUM_CONVERSION = YES;
				CLANG_WARN_INT_CONVERSION = YES;
				CLANG_WARN_OBJC_ROOT_CLASS = YES_ERROR;
				CLANG_WARN_UNREACHABLE_CODE = YES;
				CLANG_WARN__DUPLICATE_METHOD_MATCH = YES;
				"CODE_SIGN_IDENTITY[sdk=iphoneos*]" = "iPhone Developer";
				COPY_PHASE_STRIP = NO;
				CURRENT_PROJECT_VERSION = 1;
				DEBUG_INFORMATION_FORMAT = "dwarf-with-dsym";
				ENABLE_STRICT_OBJC_MSGSEND = YES;
				GCC_C_LANGUAGE_STANDARD = gnu99;
				GCC_DYNAMIC_NO_PIC = NO;
				GCC_NO_COMMON_BLOCKS = YES;
				GCC_OPTIMIZATION_LEVEL = 0;
				GCC_PREPROCESSOR_DEFINITIONS = (
					"DEBUG=1",
					"$(inherited)",
				);
				GCC_SYMBOLS_PRIVATE_EXTERN = NO;
				GCC_WARN_64_TO_32_BIT_CONVERSION = YES;
				GCC_WARN_ABOUT_RETURN_TYPE = YES_ERROR;
				GCC_WARN_UNDECLARED_SELECTOR = YES;
				GCC_WARN_UNINITIALIZED_AUTOS = YES_AGGRESSIVE;
				GCC_WARN_UNUSED_FUNCTION = YES;
				GCC_WARN_UNUSED_VARIABLE = YES;
				IPHONEOS_DEPLOYMENT_TARGET = 8.4;
				MTL_ENABLE_DEBUG_INFO = YES;
				ONLY_ACTIVE_ARCH = YES;
				SDKROOT = iphoneos;
				SWIFT_OPTIMIZATION_LEVEL = "-Onone";
				TARGETED_DEVICE_FAMILY = "1,2";
				VERSIONING_SYSTEM = "apple-generic";
				VERSION_INFO_PREFIX = "";
			};
			name = Debug;
		};
		653F245A1B72FDE200AB3A44 /* Release */ = {
			isa = XCBuildConfiguration;
			buildSettings = {
				ALWAYS_SEARCH_USER_PATHS = NO;
				CLANG_CXX_LANGUAGE_STANDARD = "gnu++0x";
				CLANG_CXX_LIBRARY = "libc++";
				CLANG_ENABLE_MODULES = YES;
				CLANG_ENABLE_OBJC_ARC = YES;
				CLANG_WARN_BOOL_CONVERSION = YES;
				CLANG_WARN_CONSTANT_CONVERSION = YES;
				CLANG_WARN_DIRECT_OBJC_ISA_USAGE = YES_ERROR;
				CLANG_WARN_EMPTY_BODY = YES;
				CLANG_WARN_ENUM_CONVERSION = YES;
				CLANG_WARN_INT_CONVERSION = YES;
				CLANG_WARN_OBJC_ROOT_CLASS = YES_ERROR;
				CLANG_WARN_UNREACHABLE_CODE = YES;
				CLANG_WARN__DUPLICATE_METHOD_MATCH = YES;
				"CODE_SIGN_IDENTITY[sdk=iphoneos*]" = "iPhone Developer";
				COPY_PHASE_STRIP = NO;
				CURRENT_PROJECT_VERSION = 1;
				DEBUG_INFORMATION_FORMAT = "dwarf-with-dsym";
				ENABLE_NS_ASSERTIONS = NO;
				ENABLE_STRICT_OBJC_MSGSEND = YES;
				GCC_C_LANGUAGE_STANDARD = gnu99;
				GCC_NO_COMMON_BLOCKS = YES;
				GCC_WARN_64_TO_32_BIT_CONVERSION = YES;
				GCC_WARN_ABOUT_RETURN_TYPE = YES_ERROR;
				GCC_WARN_UNDECLARED_SELECTOR = YES;
				GCC_WARN_UNINITIALIZED_AUTOS = YES_AGGRESSIVE;
				GCC_WARN_UNUSED_FUNCTION = YES;
				GCC_WARN_UNUSED_VARIABLE = YES;
				IPHONEOS_DEPLOYMENT_TARGET = 8.4;
				MTL_ENABLE_DEBUG_INFO = NO;
				SDKROOT = iphoneos;
				TARGETED_DEVICE_FAMILY = "1,2";
				VALIDATE_PRODUCT = YES;
				VERSIONING_SYSTEM = "apple-generic";
				VERSION_INFO_PREFIX = "";
			};
			name = Release;
		};
		653F245C1B72FDE200AB3A44 /* Debug */ = {
			isa = XCBuildConfiguration;
			buildSettings = {
				DEFINES_MODULE = YES;
				DYLIB_COMPATIBILITY_VERSION = 1;
				DYLIB_CURRENT_VERSION = 1;
				DYLIB_INSTALL_NAME_BASE = "@rpath";
				INFOPLIST_FILE = DribbbleKit/Info.plist;
				INSTALL_PATH = "$(LOCAL_LIBRARY_DIR)/Frameworks";
				LD_RUNPATH_SEARCH_PATHS = "$(inherited) @executable_path/Frameworks @loader_path/Frameworks";
				PRODUCT_NAME = "$(TARGET_NAME)";
				SKIP_INSTALL = YES;
			};
			name = Debug;
		};
		653F245D1B72FDE200AB3A44 /* Release */ = {
			isa = XCBuildConfiguration;
			buildSettings = {
				DEFINES_MODULE = YES;
				DYLIB_COMPATIBILITY_VERSION = 1;
				DYLIB_CURRENT_VERSION = 1;
				DYLIB_INSTALL_NAME_BASE = "@rpath";
				INFOPLIST_FILE = DribbbleKit/Info.plist;
				INSTALL_PATH = "$(LOCAL_LIBRARY_DIR)/Frameworks";
				LD_RUNPATH_SEARCH_PATHS = "$(inherited) @executable_path/Frameworks @loader_path/Frameworks";
				PRODUCT_NAME = "$(TARGET_NAME)";
				SKIP_INSTALL = YES;
			};
			name = Release;
		};
		653F245F1B72FDE200AB3A44 /* Debug */ = {
			isa = XCBuildConfiguration;
			buildSettings = {
				FRAMEWORK_SEARCH_PATHS = (
					"$(SDKROOT)/Developer/Library/Frameworks",
					"$(inherited)",
				);
				GCC_PREPROCESSOR_DEFINITIONS = (
					"DEBUG=1",
					"$(inherited)",
				);
				INFOPLIST_FILE = DribbbleKitTests/Info.plist;
				LD_RUNPATH_SEARCH_PATHS = "$(inherited) @executable_path/Frameworks @loader_path/Frameworks";
				PRODUCT_NAME = "$(TARGET_NAME)";
			};
			name = Debug;
		};
		653F24601B72FDE200AB3A44 /* Release */ = {
			isa = XCBuildConfiguration;
			buildSettings = {
				FRAMEWORK_SEARCH_PATHS = (
					"$(SDKROOT)/Developer/Library/Frameworks",
					"$(inherited)",
				);
				INFOPLIST_FILE = DribbbleKitTests/Info.plist;
				LD_RUNPATH_SEARCH_PATHS = "$(inherited) @executable_path/Frameworks @loader_path/Frameworks";
				PRODUCT_NAME = "$(TARGET_NAME)";
			};
			name = Release;
		};
/* End XCBuildConfiguration section */

/* Begin XCConfigurationList section */
		653F243F1B72FDE200AB3A44 /* Build configuration list for PBXProject "DribbbleKit" */ = {
			isa = XCConfigurationList;
			buildConfigurations = (
				653F24591B72FDE200AB3A44 /* Debug */,
				653F245A1B72FDE200AB3A44 /* Release */,
			);
			defaultConfigurationIsVisible = 0;
			defaultConfigurationName = Release;
		};
		653F245B1B72FDE200AB3A44 /* Build configuration list for PBXNativeTarget "DribbbleKit" */ = {
			isa = XCConfigurationList;
			buildConfigurations = (
				653F245C1B72FDE200AB3A44 /* Debug */,
				653F245D1B72FDE200AB3A44 /* Release */,
			);
			defaultConfigurationIsVisible = 0;
			defaultConfigurationName = Release;
		};
		653F245E1B72FDE200AB3A44 /* Build configuration list for PBXNativeTarget "DribbbleKitTests" */ = {
			isa = XCConfigurationList;
			buildConfigurations = (
				653F245F1B72FDE200AB3A44 /* Debug */,
				653F24601B72FDE200AB3A44 /* Release */,
			);
			defaultConfigurationIsVisible = 0;
			defaultConfigurationName = Release;
		};
/* End XCConfigurationList section */
	};
	rootObject = 653F243C1B72FDE200AB3A44 /* Project object */;
}
